
Microsoft Visual Studio Solution File, Format Version 12.00
# Visual Studio Version 16
VisualStudioVersion = 16.0.31911.196
MinimumVisualStudioVersion = 10.0.40219.1
Project("{FAE04EC0-301F-11D3-BF4B-00C04F79EFBC}") = "Jr.Backend.MultiTenant.Authentication.Domain", "Jr.Backend.MultiTenant.Authentication.Domain\Jr.Backend.MultiTenant.Authentication.Domain.csproj", "{1C8A301A-3813-45AE-B162-9F23CFBA5B4C}"
EndProject
Project("{FAE04EC0-301F-11D3-BF4B-00C04F79EFBC}") = "Jr.Backend.MultiTenant.Authentication.Tests", "Jr.Backend.MultiTenant.Authentication.Tests\Jr.Backend.MultiTenant.Authentication.Tests.csproj", "{96747002-5286-4C1B-828F-0DA65D6FB141}"
EndProject
Project("{FAE04EC0-301F-11D3-BF4B-00C04F79EFBC}") = "Jr.Backend.MultiTenant.Authentication.Application", "Jr.Backend.MultiTenant.Authentication.Application\Jr.Backend.MultiTenant.Authentication.Application.csproj", "{49A485F0-52BC-42ED-A67F-0C2B692FB6D5}"
EndProject
Project("{FAE04EC0-301F-11D3-BF4B-00C04F79EFBC}") = "Jr.Backend.MultiTenant.Authentication.Infrastructure", "Jr.Backend.MultiTenant.Authentication.Infrastructure\Jr.Backend.MultiTenant.Authentication.Infrastructure.csproj", "{B01657C6-1133-41B3-BACC-BC358907C0BD}"
EndProject
Project("{FAE04EC0-301F-11D3-BF4B-00C04F79EFBC}") = "Jr.Backend.MultiTenant.Authentication.Api", "Jr.Backend.MultiTenant.Authentication.Api\Jr.Backend.MultiTenant.Authentication.Api.csproj", "{F68153A4-65AB-4902-8F2A-1CF7F3A761FA}"
EndProject
Global
	GlobalSection(SolutionConfigurationPlatforms) = preSolution
		Debug|Any CPU = Debug|Any CPU
		Release|Any CPU = Release|Any CPU
	EndGlobalSection
	GlobalSection(ProjectConfigurationPlatforms) = postSolution
		{1C8A301A-3813-45AE-B162-9F23CFBA5B4C}.Debug|Any CPU.ActiveCfg = Debug|Any CPU
		{1C8A301A-3813-45AE-B162-9F23CFBA5B4C}.Debug|Any CPU.Build.0 = Debug|Any CPU
		{1C8A301A-3813-45AE-B162-9F23CFBA5B4C}.Release|Any CPU.ActiveCfg = Release|Any CPU
		{1C8A301A-3813-45AE-B162-9F23CFBA5B4C}.Release|Any CPU.Build.0 = Release|Any CPU
		{96747002-5286-4C1B-828F-0DA65D6FB141}.Debug|Any CPU.ActiveCfg = Debug|Any CPU
		{96747002-5286-4C1B-828F-0DA65D6FB141}.Debug|Any CPU.Build.0 = Debug|Any CPU
		{96747002-5286-4C1B-828F-0DA65D6FB141}.Release|Any CPU.ActiveCfg = Release|Any CPU
		{96747002-5286-4C1B-828F-0DA65D6FB141}.Release|Any CPU.Build.0 = Release|Any CPU
		{49A485F0-52BC-42ED-A67F-0C2B692FB6D5}.Debug|Any CPU.ActiveCfg = Debug|Any CPU
		{49A485F0-52BC-42ED-A67F-0C2B692FB6D5}.Debug|Any CPU.Build.0 = Debug|Any CPU
		{49A485F0-52BC-42ED-A67F-0C2B692FB6D5}.Release|Any CPU.ActiveCfg = Release|Any CPU
		{49A485F0-52BC-42ED-A67F-0C2B692FB6D5}.Release|Any CPU.Build.0 = Release|Any CPU
		{B01657C6-1133-41B3-BACC-BC358907C0BD}.Debug|Any CPU.ActiveCfg = Debug|Any CPU
		{B01657C6-1133-41B3-BACC-BC358907C0BD}.Debug|Any CPU.Build.0 = Debug|Any CPU
		{B01657C6-1133-41B3-BACC-BC358907C0BD}.Release|Any CPU.ActiveCfg = Release|Any CPU
		{B01657C6-1133-41B3-BACC-BC358907C0BD}.Release|Any CPU.Build.0 = Release|Any CPU
		{F68153A4-65AB-4902-8F2A-1CF7F3A761FA}.Debug|Any CPU.ActiveCfg = Debug|Any CPU
		{F68153A4-65AB-4902-8F2A-1CF7F3A761FA}.Debug|Any CPU.Build.0 = Debug|Any CPU
		{F68153A4-65AB-4902-8F2A-1CF7F3A761FA}.Release|Any CPU.ActiveCfg = Release|Any CPU
		{F68153A4-65AB-4902-8F2A-1CF7F3A761FA}.Release|Any CPU.Build.0 = Release|Any CPU
	EndGlobalSection
	GlobalSection(SolutionProperties) = preSolution
		HideSolutionNode = FALSE
	EndGlobalSection
	GlobalSection(ExtensibilityGlobals) = postSolution
		SolutionGuid = {65945D33-DD5A-458E-B8AF-A1E3BB018E45}
	EndGlobalSection
EndGlobal
